
Microsoft Visual Studio Solution File, Format Version 12.00
# Visual Studio Version 17
VisualStudioVersion = 17.0.31912.275
MinimumVisualStudioVersion = 10.0.40219.1
Project("{FAE04EC0-301F-11D3-BF4B-00C04F79EFBC}") = "MongoDBProject", "MongoDBProject.csproj", "{F3572E8E-EAAF-4EF3-A3DE-88155AEC4D68}"
EndProject
Global
	GlobalSection(SolutionConfigurationPlatforms) = preSolution
		Debug|Any CPU = Debug|Any CPU
		Release|Any CPU = Release|Any CPU
	EndGlobalSection
	GlobalSection(ProjectConfigurationPlatforms) = postSolution
		{F3572E8E-EAAF-4EF3-A3DE-88155AEC4D68}.Debug|Any CPU.ActiveCfg = Debug|Any CPU
		{F3572E8E-EAAF-4EF3-A3DE-88155AEC4D68}.Debug|Any CPU.Build.0 = Debug|Any CPU
		{F3572E8E-EAAF-4EF3-A3DE-88155AEC4D68}.Release|Any CPU.ActiveCfg = Release|Any CPU
		{F3572E8E-EAAF-4EF3-A3DE-88155AEC4D68}.Release|Any CPU.Build.0 = Release|Any CPU
	EndGlobalSection
	GlobalSection(SolutionProperties) = preSolution
		HideSolutionNode = FALSE
	EndGlobalSection
	GlobalSection(ExtensibilityGlobals) = postSolution
		SolutionGuid = {BE6FF61A-F688-44CD-A237-DE7E2C1D3FD0}
	EndGlobalSection
EndGlobal
